// !$*UTF8*$!
{
	archiveVersion = 1;
	classes = {
	};
	objectVersion = 50;
	objects = {

/* Begin PBXBuildFile section */
		04181923539B73B50AA6437A /* Pods_zesty_ios_swift_application_basic_exampleUITests.framework in Frameworks */ = {isa = PBXBuildFile; fileRef = 0F17B4F2CACD4E0F8D4B2B85 /* Pods_zesty_ios_swift_application_basic_exampleUITests.framework */; };
		5B17756151FEA3F94735626D /* Pods_zesty_ios_swift_application_basic_example.framework in Frameworks */ = {isa = PBXBuildFile; fileRef = 2DFA8D6692B24D74CF361571 /* Pods_zesty_ios_swift_application_basic_example.framework */; };
		A65D50B820FD497F0044AAE5 /* TableViewController.swift in Sources */ = {isa = PBXBuildFile; fileRef = A65D50B720FD497F0044AAE5 /* TableViewController.swift */; };
		A65D50BA20FD49CA0044AAE5 /* Extensions.swift in Sources */ = {isa = PBXBuildFile; fileRef = A65D50B920FD49CA0044AAE5 /* Extensions.swift */; };
		A65D50BC20FD599A0044AAE5 /* DefaultTableViewCell.swift in Sources */ = {isa = PBXBuildFile; fileRef = A65D50BB20FD599A0044AAE5 /* DefaultTableViewCell.swift */; };
		A65D50BE20FD687E0044AAE5 /* DisplayViewController.swift in Sources */ = {isa = PBXBuildFile; fileRef = A65D50BD20FD687E0044AAE5 /* DisplayViewController.swift */; };
		A6CA978321013D26003042B6 /* zesty-ios-swift-application-basic-example.UITests.swift in Sources */ = {isa = PBXBuildFile; fileRef = A6CA978221013D25003042B6 /* zesty-ios-swift-application-basic-example.UITests.swift */; };
		A6D5F0E620FE8FDB00A2DDBC /* README.md in Resources */ = {isa = PBXBuildFile; fileRef = A6D5F0E520FE8FDB00A2DDBC /* README.md */; };
		A6E6AAA820FD2A22000EDFE4 /* AppDelegate.swift in Sources */ = {isa = PBXBuildFile; fileRef = A6E6AAA720FD2A22000EDFE4 /* AppDelegate.swift */; };
		A6E6AAAD20FD2A22000EDFE4 /* Main.storyboard in Resources */ = {isa = PBXBuildFile; fileRef = A6E6AAAB20FD2A22000EDFE4 /* Main.storyboard */; };
		A6E6AAAF20FD2A2B000EDFE4 /* Assets.xcassets in Resources */ = {isa = PBXBuildFile; fileRef = A6E6AAAE20FD2A2B000EDFE4 /* Assets.xcassets */; };
		A6E6AAB220FD2A2B000EDFE4 /* LaunchScreen.storyboard in Resources */ = {isa = PBXBuildFile; fileRef = A6E6AAB020FD2A2B000EDFE4 /* LaunchScreen.storyboard */; };
		A6E6AABD20FD2A2B000EDFE4 /* zesty-ios-swift-application-basic-exampleTests.swift in Sources */ = {isa = PBXBuildFile; fileRef = A6E6AABC20FD2A2B000EDFE4 /* zesty-ios-swift-application-basic-exampleTests.swift */; };
		F05A52D78726B69C582D12D8 /* Pods_zesty_ios_swift_application_basic_exampleTests.framework in Frameworks */ = {isa = PBXBuildFile; fileRef = 5CDD4C937B6E19403C14AB47 /* Pods_zesty_ios_swift_application_basic_exampleTests.framework */; };
/* End PBXBuildFile section */

/* Begin PBXContainerItemProxy section */
		A6E6AAB920FD2A2B000EDFE4 /* PBXContainerItemProxy */ = {
			isa = PBXContainerItemProxy;
			containerPortal = A6E6AA9C20FD2A22000EDFE4 /* Project object */;
			proxyType = 1;
			remoteGlobalIDString = A6E6AAA320FD2A22000EDFE4;
			remoteInfo = "zesty-ios-swift-application-basic-example";
		};
		A6E6AAC420FD2A2B000EDFE4 /* PBXContainerItemProxy */ = {
			isa = PBXContainerItemProxy;
			containerPortal = A6E6AA9C20FD2A22000EDFE4 /* Project object */;
			proxyType = 1;
			remoteGlobalIDString = A6E6AAA320FD2A22000EDFE4;
			remoteInfo = "zesty-ios-swift-application-basic-example";
		};
/* End PBXContainerItemProxy section */

/* Begin PBXFileReference section */
		0F17B4F2CACD4E0F8D4B2B85 /* Pods_zesty_ios_swift_application_basic_exampleUITests.framework */ = {isa = PBXFileReference; explicitFileType = wrapper.framework; includeInIndex = 0; path = Pods_zesty_ios_swift_application_basic_exampleUITests.framework; sourceTree = BUILT_PRODUCTS_DIR; };
		2DFA8D6692B24D74CF361571 /* Pods_zesty_ios_swift_application_basic_example.framework */ = {isa = PBXFileReference; explicitFileType = wrapper.framework; includeInIndex = 0; path = Pods_zesty_ios_swift_application_basic_example.framework; sourceTree = BUILT_PRODUCTS_DIR; };
		5CDD4C937B6E19403C14AB47 /* Pods_zesty_ios_swift_application_basic_exampleTests.framework */ = {isa = PBXFileReference; explicitFileType = wrapper.framework; includeInIndex = 0; path = Pods_zesty_ios_swift_application_basic_exampleTests.framework; sourceTree = BUILT_PRODUCTS_DIR; };
		60EDC0930C4CC1A321D0BBDF /* Pods-zesty-ios-swift-application-basic-exampleUITests.debug.xcconfig */ = {isa = PBXFileReference; includeInIndex = 1; lastKnownFileType = text.xcconfig; name = "Pods-zesty-ios-swift-application-basic-exampleUITests.debug.xcconfig"; path = "Pods/Target Support Files/Pods-zesty-ios-swift-application-basic-exampleUITests/Pods-zesty-ios-swift-application-basic-exampleUITests.debug.xcconfig"; sourceTree = "<group>"; };
		6F76B18167450529420069B8 /* Pods-zesty-ios-swift-application-basic-exampleTests.release.xcconfig */ = {isa = PBXFileReference; includeInIndex = 1; lastKnownFileType = text.xcconfig; name = "Pods-zesty-ios-swift-application-basic-exampleTests.release.xcconfig"; path = "Pods/Target Support Files/Pods-zesty-ios-swift-application-basic-exampleTests/Pods-zesty-ios-swift-application-basic-exampleTests.release.xcconfig"; sourceTree = "<group>"; };
		9E6EEDC93FC92F220734E752 /* Pods-zesty-ios-swift-application-basic-exampleTests.debug.xcconfig */ = {isa = PBXFileReference; includeInIndex = 1; lastKnownFileType = text.xcconfig; name = "Pods-zesty-ios-swift-application-basic-exampleTests.debug.xcconfig"; path = "Pods/Target Support Files/Pods-zesty-ios-swift-application-basic-exampleTests/Pods-zesty-ios-swift-application-basic-exampleTests.debug.xcconfig"; sourceTree = "<group>"; };
		A65D50B720FD497F0044AAE5 /* TableViewController.swift */ = {isa = PBXFileReference; lastKnownFileType = sourcecode.swift; path = TableViewController.swift; sourceTree = "<group>"; };
		A65D50B920FD49CA0044AAE5 /* Extensions.swift */ = {isa = PBXFileReference; lastKnownFileType = sourcecode.swift; path = Extensions.swift; sourceTree = "<group>"; };
		A65D50BB20FD599A0044AAE5 /* DefaultTableViewCell.swift */ = {isa = PBXFileReference; lastKnownFileType = sourcecode.swift; path = DefaultTableViewCell.swift; sourceTree = "<group>"; };
		A65D50BD20FD687E0044AAE5 /* DisplayViewController.swift */ = {isa = PBXFileReference; lastKnownFileType = sourcecode.swift; path = DisplayViewController.swift; sourceTree = "<group>"; };
		A6CA978221013D25003042B6 /* zesty-ios-swift-application-basic-example.UITests.swift */ = {isa = PBXFileReference; fileEncoding = 4; lastKnownFileType = sourcecode.swift; path = "zesty-ios-swift-application-basic-example.UITests.swift"; sourceTree = "<group>"; };
		A6D5F0E520FE8FDB00A2DDBC /* README.md */ = {isa = PBXFileReference; fileEncoding = 4; lastKnownFileType = net.daringfireball.markdown; path = README.md; sourceTree = "<group>"; };
		A6E6AAA420FD2A22000EDFE4 /* zesty-ios-swift-application-basic-example.app */ = {isa = PBXFileReference; explicitFileType = wrapper.application; includeInIndex = 0; path = "zesty-ios-swift-application-basic-example.app"; sourceTree = BUILT_PRODUCTS_DIR; };
		A6E6AAA720FD2A22000EDFE4 /* AppDelegate.swift */ = {isa = PBXFileReference; lastKnownFileType = sourcecode.swift; path = AppDelegate.swift; sourceTree = "<group>"; };
		A6E6AAAC20FD2A22000EDFE4 /* Base */ = {isa = PBXFileReference; lastKnownFileType = file.storyboard; name = Base; path = Base.lproj/Main.storyboard; sourceTree = "<group>"; };
		A6E6AAAE20FD2A2B000EDFE4 /* Assets.xcassets */ = {isa = PBXFileReference; lastKnownFileType = folder.assetcatalog; path = Assets.xcassets; sourceTree = "<group>"; };
		A6E6AAB120FD2A2B000EDFE4 /* Base */ = {isa = PBXFileReference; lastKnownFileType = file.storyboard; name = Base; path = Base.lproj/LaunchScreen.storyboard; sourceTree = "<group>"; };
		A6E6AAB320FD2A2B000EDFE4 /* Info.plist */ = {isa = PBXFileReference; lastKnownFileType = text.plist.xml; path = Info.plist; sourceTree = "<group>"; };
		A6E6AAB820FD2A2B000EDFE4 /* zesty-ios-swift-application-basic-exampleTests.xctest */ = {isa = PBXFileReference; explicitFileType = wrapper.cfbundle; includeInIndex = 0; path = "zesty-ios-swift-application-basic-exampleTests.xctest"; sourceTree = BUILT_PRODUCTS_DIR; };
		A6E6AABC20FD2A2B000EDFE4 /* zesty-ios-swift-application-basic-exampleTests.swift */ = {isa = PBXFileReference; lastKnownFileType = sourcecode.swift; path = "zesty-ios-swift-application-basic-exampleTests.swift"; sourceTree = "<group>"; };
		A6E6AABE20FD2A2B000EDFE4 /* Info.plist */ = {isa = PBXFileReference; lastKnownFileType = text.plist.xml; path = Info.plist; sourceTree = "<group>"; };
		A6E6AAC320FD2A2B000EDFE4 /* zesty-ios-swift-application-basic-exampleUITests.xctest */ = {isa = PBXFileReference; explicitFileType = wrapper.cfbundle; includeInIndex = 0; path = "zesty-ios-swift-application-basic-exampleUITests.xctest"; sourceTree = BUILT_PRODUCTS_DIR; };
		A6E6AAC920FD2A2B000EDFE4 /* Info.plist */ = {isa = PBXFileReference; lastKnownFileType = text.plist.xml; path = Info.plist; sourceTree = "<group>"; };
		B6613FDF171444C92BE0669F /* Pods-zesty-ios-swift-application-basic-exampleUITests.release.xcconfig */ = {isa = PBXFileReference; includeInIndex = 1; lastKnownFileType = text.xcconfig; name = "Pods-zesty-ios-swift-application-basic-exampleUITests.release.xcconfig"; path = "Pods/Target Support Files/Pods-zesty-ios-swift-application-basic-exampleUITests/Pods-zesty-ios-swift-application-basic-exampleUITests.release.xcconfig"; sourceTree = "<group>"; };
		CE43DC89C918792E1FBCF561 /* Pods-zesty-ios-swift-application-basic-example.debug.xcconfig */ = {isa = PBXFileReference; includeInIndex = 1; lastKnownFileType = text.xcconfig; name = "Pods-zesty-ios-swift-application-basic-example.debug.xcconfig"; path = "Pods/Target Support Files/Pods-zesty-ios-swift-application-basic-example/Pods-zesty-ios-swift-application-basic-example.debug.xcconfig"; sourceTree = "<group>"; };
		FB41B68A88F80C74A6257D37 /* Pods-zesty-ios-swift-application-basic-example.release.xcconfig */ = {isa = PBXFileReference; includeInIndex = 1; lastKnownFileType = text.xcconfig; name = "Pods-zesty-ios-swift-application-basic-example.release.xcconfig"; path = "Pods/Target Support Files/Pods-zesty-ios-swift-application-basic-example/Pods-zesty-ios-swift-application-basic-example.release.xcconfig"; sourceTree = "<group>"; };
/* End PBXFileReference section */

/* Begin PBXFrameworksBuildPhase section */
		A6E6AAA120FD2A22000EDFE4 /* Frameworks */ = {
			isa = PBXFrameworksBuildPhase;
			buildActionMask = 2147483647;
			files = (
				5B17756151FEA3F94735626D /* Pods_zesty_ios_swift_application_basic_example.framework in Frameworks */,
			);
			runOnlyForDeploymentPostprocessing = 0;
		};
		A6E6AAB520FD2A2B000EDFE4 /* Frameworks */ = {
			isa = PBXFrameworksBuildPhase;
			buildActionMask = 2147483647;
			files = (
				F05A52D78726B69C582D12D8 /* Pods_zesty_ios_swift_application_basic_exampleTests.framework in Frameworks */,
			);
			runOnlyForDeploymentPostprocessing = 0;
		};
		A6E6AAC020FD2A2B000EDFE4 /* Frameworks */ = {
			isa = PBXFrameworksBuildPhase;
			buildActionMask = 2147483647;
			files = (
				04181923539B73B50AA6437A /* Pods_zesty_ios_swift_application_basic_exampleUITests.framework in Frameworks */,
			);
			runOnlyForDeploymentPostprocessing = 0;
		};
/* End PBXFrameworksBuildPhase section */

/* Begin PBXGroup section */
		1332115F38FA8D8033883E1E /* Frameworks */ = {
			isa = PBXGroup;
			children = (
				2DFA8D6692B24D74CF361571 /* Pods_zesty_ios_swift_application_basic_example.framework */,
				5CDD4C937B6E19403C14AB47 /* Pods_zesty_ios_swift_application_basic_exampleTests.framework */,
				0F17B4F2CACD4E0F8D4B2B85 /* Pods_zesty_ios_swift_application_basic_exampleUITests.framework */,
			);
			name = Frameworks;
			sourceTree = "<group>";
		};
		6BEBDF74740C888D4D58D38C /* Pods */ = {
			isa = PBXGroup;
			children = (
				CE43DC89C918792E1FBCF561 /* Pods-zesty-ios-swift-application-basic-example.debug.xcconfig */,
				FB41B68A88F80C74A6257D37 /* Pods-zesty-ios-swift-application-basic-example.release.xcconfig */,
				9E6EEDC93FC92F220734E752 /* Pods-zesty-ios-swift-application-basic-exampleTests.debug.xcconfig */,
				6F76B18167450529420069B8 /* Pods-zesty-ios-swift-application-basic-exampleTests.release.xcconfig */,
				60EDC0930C4CC1A321D0BBDF /* Pods-zesty-ios-swift-application-basic-exampleUITests.debug.xcconfig */,
				B6613FDF171444C92BE0669F /* Pods-zesty-ios-swift-application-basic-exampleUITests.release.xcconfig */,
			);
			name = Pods;
			sourceTree = "<group>";
		};
		A656BA22210111C400F13846 /* Code */ = {
			isa = PBXGroup;
			children = (
				A6E6AAA720FD2A22000EDFE4 /* AppDelegate.swift */,
				A65D50B720FD497F0044AAE5 /* TableViewController.swift */,
				A65D50B920FD49CA0044AAE5 /* Extensions.swift */,
				A65D50BB20FD599A0044AAE5 /* DefaultTableViewCell.swift */,
				A65D50BD20FD687E0044AAE5 /* DisplayViewController.swift */,
			);
			path = Code;
			sourceTree = "<group>";
		};
		A656BA23210111CD00F13846 /* Storyboard */ = {
			isa = PBXGroup;
			children = (
				A6E6AAAB20FD2A22000EDFE4 /* Main.storyboard */,
				A6E6AAB020FD2A2B000EDFE4 /* LaunchScreen.storyboard */,
			);
			path = Storyboard;
			sourceTree = "<group>";
		};
		A6E6AA9B20FD2A22000EDFE4 = {
			isa = PBXGroup;
			children = (
				A6D5F0E520FE8FDB00A2DDBC /* README.md */,
				A6E6AAA620FD2A22000EDFE4 /* zesty-ios-swift-application-basic-example */,
				A6E6AABB20FD2A2B000EDFE4 /* zesty-ios-swift-application-basic-exampleTests */,
				A6E6AAC620FD2A2B000EDFE4 /* zesty-ios-swift-application-basic-exampleUITests */,
				A6E6AAA520FD2A22000EDFE4 /* Products */,
				6BEBDF74740C888D4D58D38C /* Pods */,
				1332115F38FA8D8033883E1E /* Frameworks */,
			);
			sourceTree = "<group>";
		};
		A6E6AAA520FD2A22000EDFE4 /* Products */ = {
			isa = PBXGroup;
			children = (
				A6E6AAA420FD2A22000EDFE4 /* zesty-ios-swift-application-basic-example.app */,
				A6E6AAB820FD2A2B000EDFE4 /* zesty-ios-swift-application-basic-exampleTests.xctest */,
				A6E6AAC320FD2A2B000EDFE4 /* zesty-ios-swift-application-basic-exampleUITests.xctest */,
			);
			name = Products;
			sourceTree = "<group>";
		};
		A6E6AAA620FD2A22000EDFE4 /* zesty-ios-swift-application-basic-example */ = {
			isa = PBXGroup;
			children = (
				A656BA23210111CD00F13846 /* Storyboard */,
				A656BA22210111C400F13846 /* Code */,
				A6E6AAAE20FD2A2B000EDFE4 /* Assets.xcassets */,
				A6E6AAB320FD2A2B000EDFE4 /* Info.plist */,
			);
			path = "zesty-ios-swift-application-basic-example";
			sourceTree = "<group>";
		};
		A6E6AABB20FD2A2B000EDFE4 /* zesty-ios-swift-application-basic-exampleTests */ = {
			isa = PBXGroup;
			children = (
				A6E6AABC20FD2A2B000EDFE4 /* zesty-ios-swift-application-basic-exampleTests.swift */,
				A6E6AABE20FD2A2B000EDFE4 /* Info.plist */,
			);
			path = "zesty-ios-swift-application-basic-exampleTests";
			sourceTree = "<group>";
		};
		A6E6AAC620FD2A2B000EDFE4 /* zesty-ios-swift-application-basic-exampleUITests */ = {
			isa = PBXGroup;
			children = (
				A6CA978221013D25003042B6 /* zesty-ios-swift-application-basic-example.UITests.swift */,
				A6E6AAC920FD2A2B000EDFE4 /* Info.plist */,
			);
			path = "zesty-ios-swift-application-basic-exampleUITests";
			sourceTree = "<group>";
		};
/* End PBXGroup section */

/* Begin PBXNativeTarget section */
		A6E6AAA320FD2A22000EDFE4 /* zesty-ios-swift-application-basic-example */ = {
			isa = PBXNativeTarget;
			buildConfigurationList = A6E6AACC20FD2A2B000EDFE4 /* Build configuration list for PBXNativeTarget "zesty-ios-swift-application-basic-example" */;
			buildPhases = (
				6844D758795DE5F136D85B1B /* [CP] Check Pods Manifest.lock */,
				A6E6AAA020FD2A22000EDFE4 /* Sources */,
				A6E6AAA120FD2A22000EDFE4 /* Frameworks */,
				A6E6AAA220FD2A22000EDFE4 /* Resources */,
				EF3E775EC6B0F63344DA06A8 /* [CP] Embed Pods Frameworks */,
			);
			buildRules = (
			);
			dependencies = (
			);
			name = "zesty-ios-swift-application-basic-example";
			productName = "zesty-ios-swift-application-basic-example";
			productReference = A6E6AAA420FD2A22000EDFE4 /* zesty-ios-swift-application-basic-example.app */;
			productType = "com.apple.product-type.application";
		};
		A6E6AAB720FD2A2B000EDFE4 /* zesty-ios-swift-application-basic-exampleTests */ = {
			isa = PBXNativeTarget;
			buildConfigurationList = A6E6AACF20FD2A2B000EDFE4 /* Build configuration list for PBXNativeTarget "zesty-ios-swift-application-basic-exampleTests" */;
			buildPhases = (
				EA52E0AA363409AF62F65C83 /* [CP] Check Pods Manifest.lock */,
				A6E6AAB420FD2A2B000EDFE4 /* Sources */,
				A6E6AAB520FD2A2B000EDFE4 /* Frameworks */,
				A6E6AAB620FD2A2B000EDFE4 /* Resources */,
			);
			buildRules = (
			);
			dependencies = (
				A6E6AABA20FD2A2B000EDFE4 /* PBXTargetDependency */,
			);
			name = "zesty-ios-swift-application-basic-exampleTests";
			productName = "zesty-ios-swift-application-basic-exampleTests";
			productReference = A6E6AAB820FD2A2B000EDFE4 /* zesty-ios-swift-application-basic-exampleTests.xctest */;
			productType = "com.apple.product-type.bundle.unit-test";
		};
		A6E6AAC220FD2A2B000EDFE4 /* zesty-ios-swift-application-basic-exampleUITests */ = {
			isa = PBXNativeTarget;
			buildConfigurationList = A6E6AAD220FD2A2B000EDFE4 /* Build configuration list for PBXNativeTarget "zesty-ios-swift-application-basic-exampleUITests" */;
			buildPhases = (
				7CEF68D47B832DA42CA2C86C /* [CP] Check Pods Manifest.lock */,
				A6E6AABF20FD2A2B000EDFE4 /* Sources */,
				A6E6AAC020FD2A2B000EDFE4 /* Frameworks */,
				A6E6AAC120FD2A2B000EDFE4 /* Resources */,
			);
			buildRules = (
			);
			dependencies = (
				A6E6AAC520FD2A2B000EDFE4 /* PBXTargetDependency */,
			);
			name = "zesty-ios-swift-application-basic-exampleUITests";
			productName = "zesty-ios-swift-application-basic-exampleUITests";
			productReference = A6E6AAC320FD2A2B000EDFE4 /* zesty-ios-swift-application-basic-exampleUITests.xctest */;
			productType = "com.apple.product-type.bundle.ui-testing";
		};
/* End PBXNativeTarget section */

/* Begin PBXProject section */
		A6E6AA9C20FD2A22000EDFE4 /* Project object */ = {
			isa = PBXProject;
			attributes = {
				LastSwiftUpdateCheck = 0940;
				LastUpgradeCheck = 0940;
				ORGANIZATIONNAME = Zesty.io;
				TargetAttributes = {
					A6E6AAA320FD2A22000EDFE4 = {
						CreatedOnToolsVersion = 9.4.1;
					};
					A6E6AAB720FD2A2B000EDFE4 = {
						CreatedOnToolsVersion = 9.4.1;
						TestTargetID = A6E6AAA320FD2A22000EDFE4;
					};
					A6E6AAC220FD2A2B000EDFE4 = {
						CreatedOnToolsVersion = 9.4.1;
						TestTargetID = A6E6AAA320FD2A22000EDFE4;
					};
				};
			};
			buildConfigurationList = A6E6AA9F20FD2A22000EDFE4 /* Build configuration list for PBXProject "zesty-ios-swift-application-basic-example" */;
			compatibilityVersion = "Xcode 9.3";
			developmentRegion = en;
			hasScannedForEncodings = 0;
			knownRegions = (
				en,
				Base,
			);
			mainGroup = A6E6AA9B20FD2A22000EDFE4;
			productRefGroup = A6E6AAA520FD2A22000EDFE4 /* Products */;
			projectDirPath = "";
			projectRoot = "";
			targets = (
				A6E6AAA320FD2A22000EDFE4 /* zesty-ios-swift-application-basic-example */,
				A6E6AAB720FD2A2B000EDFE4 /* zesty-ios-swift-application-basic-exampleTests */,
				A6E6AAC220FD2A2B000EDFE4 /* zesty-ios-swift-application-basic-exampleUITests */,
			);
		};
/* End PBXProject section */

/* Begin PBXResourcesBuildPhase section */
		A6E6AAA220FD2A22000EDFE4 /* Resources */ = {
			isa = PBXResourcesBuildPhase;
			buildActionMask = 2147483647;
			files = (
				A6E6AAB220FD2A2B000EDFE4 /* LaunchScreen.storyboard in Resources */,
				A6E6AAAF20FD2A2B000EDFE4 /* Assets.xcassets in Resources */,
				A6D5F0E620FE8FDB00A2DDBC /* README.md in Resources */,
				A6E6AAAD20FD2A22000EDFE4 /* Main.storyboard in Resources */,
			);
			runOnlyForDeploymentPostprocessing = 0;
		};
		A6E6AAB620FD2A2B000EDFE4 /* Resources */ = {
			isa = PBXResourcesBuildPhase;
			buildActionMask = 2147483647;
			files = (
			);
			runOnlyForDeploymentPostprocessing = 0;
		};
		A6E6AAC120FD2A2B000EDFE4 /* Resources */ = {
			isa = PBXResourcesBuildPhase;
			buildActionMask = 2147483647;
			files = (
			);
			runOnlyForDeploymentPostprocessing = 0;
		};
/* End PBXResourcesBuildPhase section */

/* Begin PBXShellScriptBuildPhase section */
		6844D758795DE5F136D85B1B /* [CP] Check Pods Manifest.lock */ = {
			isa = PBXShellScriptBuildPhase;
			buildActionMask = 2147483647;
			files = (
			);
			inputPaths = (
				"${PODS_PODFILE_DIR_PATH}/Podfile.lock",
				"${PODS_ROOT}/Manifest.lock",
			);
			name = "[CP] Check Pods Manifest.lock";
			outputPaths = (
				"$(DERIVED_FILE_DIR)/Pods-zesty-ios-swift-application-basic-example-checkManifestLockResult.txt",
			);
			runOnlyForDeploymentPostprocessing = 0;
			shellPath = /bin/sh;
			shellScript = "diff \"${PODS_PODFILE_DIR_PATH}/Podfile.lock\" \"${PODS_ROOT}/Manifest.lock\" > /dev/null\nif [ $? != 0 ] ; then\n    # print error to STDERR\n    echo \"error: The sandbox is not in sync with the Podfile.lock. Run 'pod install' or update your CocoaPods installation.\" >&2\n    exit 1\nfi\n# This output is used by Xcode 'outputs' to avoid re-running this script phase.\necho \"SUCCESS\" > \"${SCRIPT_OUTPUT_FILE_0}\"\n";
			showEnvVarsInLog = 0;
		};
		7CEF68D47B832DA42CA2C86C /* [CP] Check Pods Manifest.lock */ = {
			isa = PBXShellScriptBuildPhase;
			buildActionMask = 2147483647;
			files = (
			);
			inputPaths = (
				"${PODS_PODFILE_DIR_PATH}/Podfile.lock",
				"${PODS_ROOT}/Manifest.lock",
			);
			name = "[CP] Check Pods Manifest.lock";
			outputPaths = (
				"$(DERIVED_FILE_DIR)/Pods-zesty-ios-swift-application-basic-exampleUITests-checkManifestLockResult.txt",
			);
			runOnlyForDeploymentPostprocessing = 0;
			shellPath = /bin/sh;
			shellScript = "diff \"${PODS_PODFILE_DIR_PATH}/Podfile.lock\" \"${PODS_ROOT}/Manifest.lock\" > /dev/null\nif [ $? != 0 ] ; then\n    # print error to STDERR\n    echo \"error: The sandbox is not in sync with the Podfile.lock. Run 'pod install' or update your CocoaPods installation.\" >&2\n    exit 1\nfi\n# This output is used by Xcode 'outputs' to avoid re-running this script phase.\necho \"SUCCESS\" > \"${SCRIPT_OUTPUT_FILE_0}\"\n";
			showEnvVarsInLog = 0;
		};
		EA52E0AA363409AF62F65C83 /* [CP] Check Pods Manifest.lock */ = {
			isa = PBXShellScriptBuildPhase;
			buildActionMask = 2147483647;
			files = (
			);
			inputPaths = (
				"${PODS_PODFILE_DIR_PATH}/Podfile.lock",
				"${PODS_ROOT}/Manifest.lock",
			);
			name = "[CP] Check Pods Manifest.lock";
			outputPaths = (
				"$(DERIVED_FILE_DIR)/Pods-zesty-ios-swift-application-basic-exampleTests-checkManifestLockResult.txt",
			);
			runOnlyForDeploymentPostprocessing = 0;
			shellPath = /bin/sh;
			shellScript = "diff \"${PODS_PODFILE_DIR_PATH}/Podfile.lock\" \"${PODS_ROOT}/Manifest.lock\" > /dev/null\nif [ $? != 0 ] ; then\n    # print error to STDERR\n    echo \"error: The sandbox is not in sync with the Podfile.lock. Run 'pod install' or update your CocoaPods installation.\" >&2\n    exit 1\nfi\n# This output is used by Xcode 'outputs' to avoid re-running this script phase.\necho \"SUCCESS\" > \"${SCRIPT_OUTPUT_FILE_0}\"\n";
			showEnvVarsInLog = 0;
		};
		EF3E775EC6B0F63344DA06A8 /* [CP] Embed Pods Frameworks */ = {
			isa = PBXShellScriptBuildPhase;
			buildActionMask = 2147483647;
			files = (
			);
			inputPaths = (
				"${SRCROOT}/Pods/Target Support Files/Pods-zesty-ios-swift-application-basic-example/Pods-zesty-ios-swift-application-basic-example-frameworks.sh",
				"${BUILT_PRODUCTS_DIR}/Alamofire/Alamofire.framework",
				"${BUILT_PRODUCTS_DIR}/SwiftyJSON/SwiftyJSON.framework",
				"${BUILT_PRODUCTS_DIR}/ZestySwiftContentEndpointWrapper/ZestySwiftContentEndpointWrapper.framework",
			);
			name = "[CP] Embed Pods Frameworks";
			outputPaths = (
				"${TARGET_BUILD_DIR}/${FRAMEWORKS_FOLDER_PATH}/Alamofire.framework",
				"${TARGET_BUILD_DIR}/${FRAMEWORKS_FOLDER_PATH}/SwiftyJSON.framework",
				"${TARGET_BUILD_DIR}/${FRAMEWORKS_FOLDER_PATH}/ZestySwiftContentEndpointWrapper.framework",
			);
			runOnlyForDeploymentPostprocessing = 0;
			shellPath = /bin/sh;
			shellScript = "\"${SRCROOT}/Pods/Target Support Files/Pods-zesty-ios-swift-application-basic-example/Pods-zesty-ios-swift-application-basic-example-frameworks.sh\"\n";
			showEnvVarsInLog = 0;
		};
/* End PBXShellScriptBuildPhase section */

/* Begin PBXSourcesBuildPhase section */
		A6E6AAA020FD2A22000EDFE4 /* Sources */ = {
			isa = PBXSourcesBuildPhase;
			buildActionMask = 2147483647;
			files = (
				A65D50BE20FD687E0044AAE5 /* DisplayViewController.swift in Sources */,
				A65D50B820FD497F0044AAE5 /* TableViewController.swift in Sources */,
				A65D50BC20FD599A0044AAE5 /* DefaultTableViewCell.swift in Sources */,
				A65D50BA20FD49CA0044AAE5 /* Extensions.swift in Sources */,
				A6E6AAA820FD2A22000EDFE4 /* AppDelegate.swift in Sources */,
			);
			runOnlyForDeploymentPostprocessing = 0;
		};
		A6E6AAB420FD2A2B000EDFE4 /* Sources */ = {
			isa = PBXSourcesBuildPhase;
			buildActionMask = 2147483647;
			files = (
				A6E6AABD20FD2A2B000EDFE4 /* zesty-ios-swift-application-basic-exampleTests.swift in Sources */,
			);
			runOnlyForDeploymentPostprocessing = 0;
		};
		A6E6AABF20FD2A2B000EDFE4 /* Sources */ = {
			isa = PBXSourcesBuildPhase;
			buildActionMask = 2147483647;
			files = (
				A6CA978321013D26003042B6 /* zesty-ios-swift-application-basic-example.UITests.swift in Sources */,
			);
			runOnlyForDeploymentPostprocessing = 0;
		};
/* End PBXSourcesBuildPhase section */

/* Begin PBXTargetDependency section */
		A6E6AABA20FD2A2B000EDFE4 /* PBXTargetDependency */ = {
			isa = PBXTargetDependency;
			target = A6E6AAA320FD2A22000EDFE4 /* zesty-ios-swift-application-basic-example */;
			targetProxy = A6E6AAB920FD2A2B000EDFE4 /* PBXContainerItemProxy */;
		};
		A6E6AAC520FD2A2B000EDFE4 /* PBXTargetDependency */ = {
			isa = PBXTargetDependency;
			target = A6E6AAA320FD2A22000EDFE4 /* zesty-ios-swift-application-basic-example */;
			targetProxy = A6E6AAC420FD2A2B000EDFE4 /* PBXContainerItemProxy */;
		};
/* End PBXTargetDependency section */

/* Begin PBXVariantGroup section */
		A6E6AAAB20FD2A22000EDFE4 /* Main.storyboard */ = {
			isa = PBXVariantGroup;
			children = (
				A6E6AAAC20FD2A22000EDFE4 /* Base */,
			);
			name = Main.storyboard;
			sourceTree = "<group>";
		};
		A6E6AAB020FD2A2B000EDFE4 /* LaunchScreen.storyboard */ = {
			isa = PBXVariantGroup;
			children = (
				A6E6AAB120FD2A2B000EDFE4 /* Base */,
			);
			name = LaunchScreen.storyboard;
			sourceTree = "<group>";
		};
/* End PBXVariantGroup section */

/* Begin XCBuildConfiguration section */
		A6E6AACA20FD2A2B000EDFE4 /* Debug */ = {
			isa = XCBuildConfiguration;
			buildSettings = {
				ALWAYS_SEARCH_USER_PATHS = NO;
				CLANG_ANALYZER_NONNULL = YES;
				CLANG_ANALYZER_NUMBER_OBJECT_CONVERSION = YES_AGGRESSIVE;
				CLANG_CXX_LANGUAGE_STANDARD = "gnu++14";
				CLANG_CXX_LIBRARY = "libc++";
				CLANG_ENABLE_MODULES = YES;
				CLANG_ENABLE_OBJC_ARC = YES;
				CLANG_ENABLE_OBJC_WEAK = YES;
				CLANG_WARN_BLOCK_CAPTURE_AUTORELEASING = YES;
				CLANG_WARN_BOOL_CONVERSION = YES;
				CLANG_WARN_COMMA = YES;
				CLANG_WARN_CONSTANT_CONVERSION = YES;
				CLANG_WARN_DEPRECATED_OBJC_IMPLEMENTATIONS = YES;
				CLANG_WARN_DIRECT_OBJC_ISA_USAGE = YES_ERROR;
				CLANG_WARN_DOCUMENTATION_COMMENTS = YES;
				CLANG_WARN_EMPTY_BODY = YES;
				CLANG_WARN_ENUM_CONVERSION = YES;
				CLANG_WARN_INFINITE_RECURSION = YES;
				CLANG_WARN_INT_CONVERSION = YES;
				CLANG_WARN_NON_LITERAL_NULL_CONVERSION = YES;
				CLANG_WARN_OBJC_IMPLICIT_RETAIN_SELF = YES;
				CLANG_WARN_OBJC_LITERAL_CONVERSION = YES;
				CLANG_WARN_OBJC_ROOT_CLASS = YES_ERROR;
				CLANG_WARN_RANGE_LOOP_ANALYSIS = YES;
				CLANG_WARN_STRICT_PROTOTYPES = YES;
				CLANG_WARN_SUSPICIOUS_MOVE = YES;
				CLANG_WARN_UNGUARDED_AVAILABILITY = YES_AGGRESSIVE;
				CLANG_WARN_UNREACHABLE_CODE = YES;
				CLANG_WARN__DUPLICATE_METHOD_MATCH = YES;
				CODE_SIGN_IDENTITY = "iPhone Developer";
				COPY_PHASE_STRIP = NO;
				DEBUG_INFORMATION_FORMAT = dwarf;
				ENABLE_STRICT_OBJC_MSGSEND = YES;
				ENABLE_TESTABILITY = YES;
				GCC_C_LANGUAGE_STANDARD = gnu11;
				GCC_DYNAMIC_NO_PIC = NO;
				GCC_NO_COMMON_BLOCKS = YES;
				GCC_OPTIMIZATION_LEVEL = 0;
				GCC_PREPROCESSOR_DEFINITIONS = (
					"DEBUG=1",
					"$(inherited)",
				);
				GCC_WARN_64_TO_32_BIT_CONVERSION = YES;
				GCC_WARN_ABOUT_RETURN_TYPE = YES_ERROR;
				GCC_WARN_UNDECLARED_SELECTOR = YES;
				GCC_WARN_UNINITIALIZED_AUTOS = YES_AGGRESSIVE;
				GCC_WARN_UNUSED_FUNCTION = YES;
				GCC_WARN_UNUSED_VARIABLE = YES;
				IPHONEOS_DEPLOYMENT_TARGET = 11.4;
				MTL_ENABLE_DEBUG_INFO = YES;
				ONLY_ACTIVE_ARCH = YES;
				SDKROOT = iphoneos;
				SWIFT_ACTIVE_COMPILATION_CONDITIONS = DEBUG;
				SWIFT_OPTIMIZATION_LEVEL = "-Onone";
			};
			name = Debug;
		};
		A6E6AACB20FD2A2B000EDFE4 /* Release */ = {
			isa = XCBuildConfiguration;
			buildSettings = {
				ALWAYS_SEARCH_USER_PATHS = NO;
				CLANG_ANALYZER_NONNULL = YES;
				CLANG_ANALYZER_NUMBER_OBJECT_CONVERSION = YES_AGGRESSIVE;
				CLANG_CXX_LANGUAGE_STANDARD = "gnu++14";
				CLANG_CXX_LIBRARY = "libc++";
				CLANG_ENABLE_MODULES = YES;
				CLANG_ENABLE_OBJC_ARC = YES;
				CLANG_ENABLE_OBJC_WEAK = YES;
				CLANG_WARN_BLOCK_CAPTURE_AUTORELEASING = YES;
				CLANG_WARN_BOOL_CONVERSION = YES;
				CLANG_WARN_COMMA = YES;
				CLANG_WARN_CONSTANT_CONVERSION = YES;
				CLANG_WARN_DEPRECATED_OBJC_IMPLEMENTATIONS = YES;
				CLANG_WARN_DIRECT_OBJC_ISA_USAGE = YES_ERROR;
				CLANG_WARN_DOCUMENTATION_COMMENTS = YES;
				CLANG_WARN_EMPTY_BODY = YES;
				CLANG_WARN_ENUM_CONVERSION = YES;
				CLANG_WARN_INFINITE_RECURSION = YES;
				CLANG_WARN_INT_CONVERSION = YES;
				CLANG_WARN_NON_LITERAL_NULL_CONVERSION = YES;
				CLANG_WARN_OBJC_IMPLICIT_RETAIN_SELF = YES;
				CLANG_WARN_OBJC_LITERAL_CONVERSION = YES;
				CLANG_WARN_OBJC_ROOT_CLASS = YES_ERROR;
				CLANG_WARN_RANGE_LOOP_ANALYSIS = YES;
				CLANG_WARN_STRICT_PROTOTYPES = YES;
				CLANG_WARN_SUSPICIOUS_MOVE = YES;
				CLANG_WARN_UNGUARDED_AVAILABILITY = YES_AGGRESSIVE;
				CLANG_WARN_UNREACHABLE_CODE = YES;
				CLANG_WARN__DUPLICATE_METHOD_MATCH = YES;
				CODE_SIGN_IDENTITY = "iPhone Developer";
				COPY_PHASE_STRIP = NO;
				DEBUG_INFORMATION_FORMAT = "dwarf-with-dsym";
				ENABLE_NS_ASSERTIONS = NO;
				ENABLE_STRICT_OBJC_MSGSEND = YES;
				GCC_C_LANGUAGE_STANDARD = gnu11;
				GCC_NO_COMMON_BLOCKS = YES;
				GCC_WARN_64_TO_32_BIT_CONVERSION = YES;
				GCC_WARN_ABOUT_RETURN_TYPE = YES_ERROR;
				GCC_WARN_UNDECLARED_SELECTOR = YES;
				GCC_WARN_UNINITIALIZED_AUTOS = YES_AGGRESSIVE;
				GCC_WARN_UNUSED_FUNCTION = YES;
				GCC_WARN_UNUSED_VARIABLE = YES;
				IPHONEOS_DEPLOYMENT_TARGET = 11.4;
				MTL_ENABLE_DEBUG_INFO = NO;
				SDKROOT = iphoneos;
				SWIFT_COMPILATION_MODE = wholemodule;
				SWIFT_OPTIMIZATION_LEVEL = "-O";
				VALIDATE_PRODUCT = YES;
			};
			name = Release;
		};
		A6E6AACD20FD2A2B000EDFE4 /* Debug */ = {
			isa = XCBuildConfiguration;
			baseConfigurationReference = CE43DC89C918792E1FBCF561 /* Pods-zesty-ios-swift-application-basic-example.debug.xcconfig */;
			buildSettings = {
				ASSETCATALOG_COMPILER_APPICON_NAME = AppIcon;
				CODE_SIGN_STYLE = Automatic;
				DEVELOPMENT_TEAM = "";
				INFOPLIST_FILE = "zesty-ios-swift-application-basic-example/Info.plist";
				LD_RUNPATH_SEARCH_PATHS = (
					"$(inherited)",
					"@executable_path/Frameworks",
				);
				PRODUCT_BUNDLE_IDENTIFIER = io.zesty.ZestyBurger;
				PRODUCT_NAME = "$(TARGET_NAME)";
				SWIFT_VERSION = 4.0;
				TARGETED_DEVICE_FAMILY = "1,2";
			};
			name = Debug;
		};
		A6E6AACE20FD2A2B000EDFE4 /* Release */ = {
			isa = XCBuildConfiguration;
			baseConfigurationReference = FB41B68A88F80C74A6257D37 /* Pods-zesty-ios-swift-application-basic-example.release.xcconfig */;
			buildSettings = {
				ASSETCATALOG_COMPILER_APPICON_NAME = AppIcon;
				CODE_SIGN_STYLE = Automatic;
				DEVELOPMENT_TEAM = "";
				INFOPLIST_FILE = "zesty-ios-swift-application-basic-example/Info.plist";
				LD_RUNPATH_SEARCH_PATHS = (
					"$(inherited)",
					"@executable_path/Frameworks",
				);
				PRODUCT_BUNDLE_IDENTIFIER = io.zesty.ZestyBurger;
				PRODUCT_NAME = "$(TARGET_NAME)";
				SWIFT_VERSION = 4.0;
				TARGETED_DEVICE_FAMILY = "1,2";
			};
			name = Release;
		};
		A6E6AAD020FD2A2B000EDFE4 /* Debug */ = {
			isa = XCBuildConfiguration;
			baseConfigurationReference = 9E6EEDC93FC92F220734E752 /* Pods-zesty-ios-swift-application-basic-exampleTests.debug.xcconfig */;
			buildSettings = {
				ALWAYS_EMBED_SWIFT_STANDARD_LIBRARIES = YES;
				BUNDLE_LOADER = "$(TEST_HOST)";
				CODE_SIGN_STYLE = Automatic;
				DEVELOPMENT_TEAM = T3FUT3WUPW;
				INFOPLIST_FILE = "zesty-ios-swift-application-basic-exampleTests/Info.plist";
				LD_RUNPATH_SEARCH_PATHS = (
					"$(inherited)",
					"@executable_path/Frameworks",
					"@loader_path/Frameworks",
				);
				PRODUCT_BUNDLE_IDENTIFIER = "io.zesty.zesty-ios-swift-application-basic-exampleTests";
				PRODUCT_NAME = "$(TARGET_NAME)";
				SWIFT_VERSION = 4.0;
				TARGETED_DEVICE_FAMILY = "1,2";
				TEST_HOST = "$(BUILT_PRODUCTS_DIR)/zesty-ios-swift-application-basic-example.app/zesty-ios-swift-application-basic-example";
			};
			name = Debug;
		};
		A6E6AAD120FD2A2B000EDFE4 /* Release */ = {
			isa = XCBuildConfiguration;
			baseConfigurationReference = 6F76B18167450529420069B8 /* Pods-zesty-ios-swift-application-basic-exampleTests.release.xcconfig */;
			buildSettings = {
				ALWAYS_EMBED_SWIFT_STANDARD_LIBRARIES = YES;
				BUNDLE_LOADER = "$(TEST_HOST)";
				CODE_SIGN_STYLE = Automatic;
				DEVELOPMENT_TEAM = T3FUT3WUPW;
				INFOPLIST_FILE = "zesty-ios-swift-application-basic-exampleTests/Info.plist";
				LD_RUNPATH_SEARCH_PATHS = (
					"$(inherited)",
					"@executable_path/Frameworks",
					"@loader_path/Frameworks",
				);
				PRODUCT_BUNDLE_IDENTIFIER = "io.zesty.zesty-ios-swift-application-basic-exampleTests";
				PRODUCT_NAME = "$(TARGET_NAME)";
				SWIFT_VERSION = 4.0;
				TARGETED_DEVICE_FAMILY = "1,2";
				TEST_HOST = "$(BUILT_PRODUCTS_DIR)/zesty-ios-swift-application-basic-example.app/zesty-ios-swift-application-basic-example";
			};
			name = Release;
		};
		A6E6AAD320FD2A2B000EDFE4 /* Debug */ = {
			isa = XCBuildConfiguration;
			baseConfigurationReference = 60EDC0930C4CC1A321D0BBDF /* Pods-zesty-ios-swift-application-basic-exampleUITests.debug.xcconfig */;
			buildSettings = {
				ALWAYS_EMBED_SWIFT_STANDARD_LIBRARIES = YES;
				CODE_SIGN_STYLE = Automatic;
				DEVELOPMENT_TEAM = T3FUT3WUPW;
				INFOPLIST_FILE = "zesty-ios-swift-application-basic-exampleUITests/Info.plist";
				LD_RUNPATH_SEARCH_PATHS = (
					"$(inherited)",
					"@executable_path/Frameworks",
					"@loader_path/Frameworks",
				);
				PRODUCT_BUNDLE_IDENTIFIER = "io.zesty.zesty-ios-swift-application-basic-exampleUITests";
				PRODUCT_NAME = "$(TARGET_NAME)";
				SWIFT_VERSION = 4.0;
				TARGETED_DEVICE_FAMILY = "1,2";
				TEST_TARGET_NAME = "zesty-ios-swift-application-basic-example";
			};
			name = Debug;
		};
		A6E6AAD420FD2A2B000EDFE4 /* Release */ = {
			isa = XCBuildConfiguration;
			baseConfigurationReference = B6613FDF171444C92BE0669F /* Pods-zesty-ios-swift-application-basic-exampleUITests.release.xcconfig */;
			buildSettings = {
				ALWAYS_EMBED_SWIFT_STANDARD_LIBRARIES = YES;
				CODE_SIGN_STYLE = Automatic;
				DEVELOPMENT_TEAM = T3FUT3WUPW;
				INFOPLIST_FILE = "zesty-ios-swift-application-basic-exampleUITests/Info.plist";
				LD_RUNPATH_SEARCH_PATHS = (
					"$(inherited)",
					"@executable_path/Frameworks",
					"@loader_path/Frameworks",
				);
				PRODUCT_BUNDLE_IDENTIFIER = "io.zesty.zesty-ios-swift-application-basic-exampleUITests";
				PRODUCT_NAME = "$(TARGET_NAME)";
				SWIFT_VERSION = 4.0;
				TARGETED_DEVICE_FAMILY = "1,2";
				TEST_TARGET_NAME = "zesty-ios-swift-application-basic-example";
			};
			name = Release;
		};
/* End XCBuildConfiguration section */

/* Begin XCConfigurationList section */
		A6E6AA9F20FD2A22000EDFE4 /* Build configuration list for PBXProject "zesty-ios-swift-application-basic-example" */ = {
			isa = XCConfigurationList;
			buildConfigurations = (
				A6E6AACA20FD2A2B000EDFE4 /* Debug */,
				A6E6AACB20FD2A2B000EDFE4 /* Release */,
			);
			defaultConfigurationIsVisible = 0;
			defaultConfigurationName = Release;
		};
		A6E6AACC20FD2A2B000EDFE4 /* Build configuration list for PBXNativeTarget "zesty-ios-swift-application-basic-example" */ = {
			isa = XCConfigurationList;
			buildConfigurations = (
				A6E6AACD20FD2A2B000EDFE4 /* Debug */,
				A6E6AACE20FD2A2B000EDFE4 /* Release */,
			);
			defaultConfigurationIsVisible = 0;
			defaultConfigurationName = Release;
		};
		A6E6AACF20FD2A2B000EDFE4 /* Build configuration list for PBXNativeTarget "zesty-ios-swift-application-basic-exampleTests" */ = {
			isa = XCConfigurationList;
			buildConfigurations = (
				A6E6AAD020FD2A2B000EDFE4 /* Debug */,
				A6E6AAD120FD2A2B000EDFE4 /* Release */,
			);
			defaultConfigurationIsVisible = 0;
			defaultConfigurationName = Release;
		};
		A6E6AAD220FD2A2B000EDFE4 /* Build configuration list for PBXNativeTarget "zesty-ios-swift-application-basic-exampleUITests" */ = {
			isa = XCConfigurationList;
			buildConfigurations = (
				A6E6AAD320FD2A2B000EDFE4 /* Debug */,
				A6E6AAD420FD2A2B000EDFE4 /* Release */,
			);
			defaultConfigurationIsVisible = 0;
			defaultConfigurationName = Release;
		};
/* End XCConfigurationList section */
	};
	rootObject = A6E6AA9C20FD2A22000EDFE4 /* Project object */;
}
